<Solution>
  <Folder Name="/Solution Items/">
    <File Path="Directory.Build.props" />
  </Folder>
  <Project Path="Test2.API/Test2.API.csproj" />
  <Project Path="Test2.Application/Test2.Application.csproj" />
  <Project Path="Test2.Contract/Test2.Contract.csproj" />
  <Project Path="Test2.Domain/Test2.Domain.csproj" />
  <Project Path="Test2.Infrastructure/Test2.Infrastructure.csproj" />
</Solution>